
Microsoft Visual Studio Solution File, Format Version 12.00
# Visual Studio Version 17
VisualStudioVersion = 17.7.34024.191
MinimumVisualStudioVersion = 10.0.40219.1
Project("{FAE04EC0-301F-11D3-BF4B-00C04F79EFBC}") = "ConsoleApp1", "ConsoleApp1\ConsoleApp1.csproj", "{64642509-7DF5-46C1-BDD7-826520B94A5B}"
EndProject
Project("{FAE04EC0-301F-11D3-BF4B-00C04F79EFBC}") = "ConsoleAppServer", "ConsoleAppServer\ConsoleAppServer.csproj", "{49CB8BB6-7B0E-43DA-A7CA-F45534576036}"
EndProject
Project("{FAE04EC0-301F-11D3-BF4B-00C04F79EFBC}") = "ConsoleAppClient", "ConsoleAppClient\ConsoleAppClient.csproj", "{44A4A5A2-BDEB-4645-B7C1-B110897CC143}"
EndProject
Global
	GlobalSection(SolutionConfigurationPlatforms) = preSolution
		Debug|Any CPU = Debug|Any CPU
		Release|Any CPU = Release|Any CPU
	EndGlobalSection
	GlobalSection(ProjectConfigurationPlatforms) = postSolution
		{64642509-7DF5-46C1-BDD7-826520B94A5B}.Debug|Any CPU.ActiveCfg = Debug|Any CPU
		{64642509-7DF5-46C1-BDD7-826520B94A5B}.Debug|Any CPU.Build.0 = Debug|Any CPU
		{64642509-7DF5-46C1-BDD7-826520B94A5B}.Release|Any CPU.ActiveCfg = Release|Any CPU
		{64642509-7DF5-46C1-BDD7-826520B94A5B}.Release|Any CPU.Build.0 = Release|Any CPU
		{49CB8BB6-7B0E-43DA-A7CA-F45534576036}.Debug|Any CPU.ActiveCfg = Debug|Any CPU
		{49CB8BB6-7B0E-43DA-A7CA-F45534576036}.Debug|Any CPU.Build.0 = Debug|Any CPU
		{49CB8BB6-7B0E-43DA-A7CA-F45534576036}.Release|Any CPU.ActiveCfg = Release|Any CPU
		{49CB8BB6-7B0E-43DA-A7CA-F45534576036}.Release|Any CPU.Build.0 = Release|Any CPU
		{44A4A5A2-BDEB-4645-B7C1-B110897CC143}.Debug|Any CPU.ActiveCfg = Debug|Any CPU
		{44A4A5A2-BDEB-4645-B7C1-B110897CC143}.Debug|Any CPU.Build.0 = Debug|Any CPU
		{44A4A5A2-BDEB-4645-B7C1-B110897CC143}.Release|Any CPU.ActiveCfg = Release|Any CPU
		{44A4A5A2-BDEB-4645-B7C1-B110897CC143}.Release|Any CPU.Build.0 = Release|Any CPU
	EndGlobalSection
	GlobalSection(SolutionProperties) = preSolution
		HideSolutionNode = FALSE
	EndGlobalSection
	GlobalSection(ExtensibilityGlobals) = postSolution
		SolutionGuid = {D268D6D4-F01A-421A-A7D8-0A384B31E004}
	EndGlobalSection
EndGlobal
